
Microsoft Visual Studio Solution File, Format Version 12.00
# Visual Studio Version 17
VisualStudioVersion = 17.5.33414.496
MinimumVisualStudioVersion = 10.0.40219.1
Project("{2150E333-8FDC-42A3-9474-1A3956D46DE8}") = "BankAccount.Core", "BankAccount.Core", "{D39E15D9-E838-4696-B747-3E3AD89CDBA0}"
EndProject
Project("{2150E333-8FDC-42A3-9474-1A3956D46DE8}") = "BankAccount.Infrastructure", "BankAccount.Infrastructure", "{B98DBF6E-E9AB-42EA-8921-6C7824CBEAF8}"
EndProject
Project("{2150E333-8FDC-42A3-9474-1A3956D46DE8}") = "BankAccount.Application", "BankAccount.Application", "{E24D9DF9-4067-4003-B376-CB31451618EE}"
EndProject
Project("{2150E333-8FDC-42A3-9474-1A3956D46DE8}") = "BankAccount.Api", "BankAccount.Api", "{CE867E3D-1A14-4680-BFC8-3DFD7FAAF436}"
EndProject
Project("{FAE04EC0-301F-11D3-BF4B-00C04F79EFBC}") = "Account.Api", "BankAccount.Api\Account.Api\Account.Api.csproj", "{DBABAAD5-65E8-4E1A-A0B9-7B6BBCBB288F}"
EndProject
Project("{FAE04EC0-301F-11D3-BF4B-00C04F79EFBC}") = "BankAccount.DatabaseEntity", "BankAccount.Infrastructure\BankAccount.DatabaseEntity\BankAccount.DatabaseEntity.csproj", "{A78DFFB6-6577-4703-9799-253CFD07667E}"
EndProject
Project("{FAE04EC0-301F-11D3-BF4B-00C04F79EFBC}") = "BankAccount.Domain.Model", "BankAccount.Core\BankAccount.Domain.Model\BankAccount.Domain.Model.csproj", "{DDD279F4-AAA9-4BB8-9E49-A08C5B911D39}"
EndProject
Project("{FAE04EC0-301F-11D3-BF4B-00C04F79EFBC}") = "BankAccount.CQRS.DataAccess", "BankAccount.Core\BankAccount.CQRS.DataAccess\BankAccount.CQRS.DataAccess.csproj", "{EC781BFE-EAC1-4925-B259-33FF03CC8F04}"
EndProject
Global
	GlobalSection(SolutionConfigurationPlatforms) = preSolution
		Debug|Any CPU = Debug|Any CPU
		Release|Any CPU = Release|Any CPU
	EndGlobalSection
	GlobalSection(ProjectConfigurationPlatforms) = postSolution
		{DBABAAD5-65E8-4E1A-A0B9-7B6BBCBB288F}.Debug|Any CPU.ActiveCfg = Debug|Any CPU
		{DBABAAD5-65E8-4E1A-A0B9-7B6BBCBB288F}.Debug|Any CPU.Build.0 = Debug|Any CPU
		{DBABAAD5-65E8-4E1A-A0B9-7B6BBCBB288F}.Release|Any CPU.ActiveCfg = Release|Any CPU
		{DBABAAD5-65E8-4E1A-A0B9-7B6BBCBB288F}.Release|Any CPU.Build.0 = Release|Any CPU
		{A78DFFB6-6577-4703-9799-253CFD07667E}.Debug|Any CPU.ActiveCfg = Debug|Any CPU
		{A78DFFB6-6577-4703-9799-253CFD07667E}.Debug|Any CPU.Build.0 = Debug|Any CPU
		{A78DFFB6-6577-4703-9799-253CFD07667E}.Release|Any CPU.ActiveCfg = Release|Any CPU
		{A78DFFB6-6577-4703-9799-253CFD07667E}.Release|Any CPU.Build.0 = Release|Any CPU
		{DDD279F4-AAA9-4BB8-9E49-A08C5B911D39}.Debug|Any CPU.ActiveCfg = Debug|Any CPU
		{DDD279F4-AAA9-4BB8-9E49-A08C5B911D39}.Debug|Any CPU.Build.0 = Debug|Any CPU
		{DDD279F4-AAA9-4BB8-9E49-A08C5B911D39}.Release|Any CPU.ActiveCfg = Release|Any CPU
		{DDD279F4-AAA9-4BB8-9E49-A08C5B911D39}.Release|Any CPU.Build.0 = Release|Any CPU
		{EC781BFE-EAC1-4925-B259-33FF03CC8F04}.Debug|Any CPU.ActiveCfg = Debug|Any CPU
		{EC781BFE-EAC1-4925-B259-33FF03CC8F04}.Debug|Any CPU.Build.0 = Debug|Any CPU
		{EC781BFE-EAC1-4925-B259-33FF03CC8F04}.Release|Any CPU.ActiveCfg = Release|Any CPU
		{EC781BFE-EAC1-4925-B259-33FF03CC8F04}.Release|Any CPU.Build.0 = Release|Any CPU
	EndGlobalSection
	GlobalSection(SolutionProperties) = preSolution
		HideSolutionNode = FALSE
	EndGlobalSection
	GlobalSection(NestedProjects) = preSolution
		{CE867E3D-1A14-4680-BFC8-3DFD7FAAF436} = {E24D9DF9-4067-4003-B376-CB31451618EE}
		{DBABAAD5-65E8-4E1A-A0B9-7B6BBCBB288F} = {CE867E3D-1A14-4680-BFC8-3DFD7FAAF436}
		{A78DFFB6-6577-4703-9799-253CFD07667E} = {B98DBF6E-E9AB-42EA-8921-6C7824CBEAF8}
		{DDD279F4-AAA9-4BB8-9E49-A08C5B911D39} = {D39E15D9-E838-4696-B747-3E3AD89CDBA0}
		{EC781BFE-EAC1-4925-B259-33FF03CC8F04} = {D39E15D9-E838-4696-B747-3E3AD89CDBA0}
	EndGlobalSection
	GlobalSection(ExtensibilityGlobals) = postSolution
		SolutionGuid = {C3E6BAA4-2984-4BE5-B650-25B168CEE8C9}
	EndGlobalSection
EndGlobal
