
Microsoft Visual Studio Solution File, Format Version 12.00
# Visual Studio Version 17
VisualStudioVersion = 17.5.33424.131
MinimumVisualStudioVersion = 10.0.40219.1
Project("{2150E333-8FDC-42A3-9474-1A3956D46DE8}") = "Hotchocolate.PropertyAccount.API", "Hotchocolate.PropertyAccount.API", "{BC737103-F73B-4737-BA14-A61CB73550AA}"
EndProject
Project("{9A19103F-16F7-4668-BE54-9A1E7A4F7556}") = "Hotchocolate.PropertyAccount", "Hotchocolate.PropertyAccount\Hotchocolate.PropertyAccount.csproj", "{CC2E9EA2-FD72-48D5-9A70-3CCE2E832BDF}"
EndProject
Project("{2150E333-8FDC-42A3-9474-1A3956D46DE8}") = "Hotchocolate.PropertyAccount.Core", "Hotchocolate.PropertyAccount.Core", "{129CE03A-CAEC-4CB7-B5E9-4886494572E6}"
EndProject
Project("{2150E333-8FDC-42A3-9474-1A3956D46DE8}") = "Hotchocolate.PropertyAccount.Infrastructure", "Hotchocolate.PropertyAccount.Infrastructure", "{398CFE87-B772-41C1-AE2B-9D6C01FD6AAF}"
EndProject
Project("{2150E333-8FDC-42A3-9474-1A3956D46DE8}") = "Hotchocolate.PropertyAccount.Model", "Hotchocolate.PropertyAccount.Model", "{79F159FF-116B-488B-BB41-CBAA5577BDCB}"
EndProject
Project("{FAE04EC0-301F-11D3-BF4B-00C04F79EFBC}") = "PropertyAccountSQLDB", "Hotchocolate.PropertyAccount.Infrastructure\PropertyAccountSQLDB\PropertyAccountSQLDB.csproj", "{2B55237A-FECB-48EB-BE2A-3CDD5D44D26D}"
EndProject
Project("{FAE04EC0-301F-11D3-BF4B-00C04F79EFBC}") = "CustomerBankAccountSQLDB", "Hotchocolate.PropertyAccount.Infrastructure\CustomerBankAccountSQLDB\CustomerBankAccountSQLDB.csproj", "{E53E16B9-056D-42B4-B08E-E81364DDC95E}"
EndProject
Project("{FAE04EC0-301F-11D3-BF4B-00C04F79EFBC}") = "PropertyAccountModel", "Hotchocolate.PropertyAccount.Model\PropertyAccountModel\PropertyAccountModel.csproj", "{A355332A-F867-4F01-84F0-8165F3983AA0}"
EndProject
Global
	GlobalSection(SolutionConfigurationPlatforms) = preSolution
		Debug|Any CPU = Debug|Any CPU
		Release|Any CPU = Release|Any CPU
	EndGlobalSection
	GlobalSection(ProjectConfigurationPlatforms) = postSolution
		{CC2E9EA2-FD72-48D5-9A70-3CCE2E832BDF}.Debug|Any CPU.ActiveCfg = Debug|Any CPU
		{CC2E9EA2-FD72-48D5-9A70-3CCE2E832BDF}.Debug|Any CPU.Build.0 = Debug|Any CPU
		{CC2E9EA2-FD72-48D5-9A70-3CCE2E832BDF}.Release|Any CPU.ActiveCfg = Release|Any CPU
		{CC2E9EA2-FD72-48D5-9A70-3CCE2E832BDF}.Release|Any CPU.Build.0 = Release|Any CPU
		{2B55237A-FECB-48EB-BE2A-3CDD5D44D26D}.Debug|Any CPU.ActiveCfg = Debug|Any CPU
		{2B55237A-FECB-48EB-BE2A-3CDD5D44D26D}.Debug|Any CPU.Build.0 = Debug|Any CPU
		{2B55237A-FECB-48EB-BE2A-3CDD5D44D26D}.Release|Any CPU.ActiveCfg = Release|Any CPU
		{2B55237A-FECB-48EB-BE2A-3CDD5D44D26D}.Release|Any CPU.Build.0 = Release|Any CPU
		{E53E16B9-056D-42B4-B08E-E81364DDC95E}.Debug|Any CPU.ActiveCfg = Debug|Any CPU
		{E53E16B9-056D-42B4-B08E-E81364DDC95E}.Debug|Any CPU.Build.0 = Debug|Any CPU
		{E53E16B9-056D-42B4-B08E-E81364DDC95E}.Release|Any CPU.ActiveCfg = Release|Any CPU
		{E53E16B9-056D-42B4-B08E-E81364DDC95E}.Release|Any CPU.Build.0 = Release|Any CPU
		{A355332A-F867-4F01-84F0-8165F3983AA0}.Debug|Any CPU.ActiveCfg = Debug|Any CPU
		{A355332A-F867-4F01-84F0-8165F3983AA0}.Debug|Any CPU.Build.0 = Debug|Any CPU
		{A355332A-F867-4F01-84F0-8165F3983AA0}.Release|Any CPU.ActiveCfg = Release|Any CPU
		{A355332A-F867-4F01-84F0-8165F3983AA0}.Release|Any CPU.Build.0 = Release|Any CPU
	EndGlobalSection
	GlobalSection(SolutionProperties) = preSolution
		HideSolutionNode = FALSE
	EndGlobalSection
	GlobalSection(NestedProjects) = preSolution
		{CC2E9EA2-FD72-48D5-9A70-3CCE2E832BDF} = {BC737103-F73B-4737-BA14-A61CB73550AA}
		{2B55237A-FECB-48EB-BE2A-3CDD5D44D26D} = {398CFE87-B772-41C1-AE2B-9D6C01FD6AAF}
		{E53E16B9-056D-42B4-B08E-E81364DDC95E} = {398CFE87-B772-41C1-AE2B-9D6C01FD6AAF}
		{A355332A-F867-4F01-84F0-8165F3983AA0} = {79F159FF-116B-488B-BB41-CBAA5577BDCB}
	EndGlobalSection
	GlobalSection(ExtensibilityGlobals) = postSolution
		SolutionGuid = {F4638D94-DDD8-4CA1-98C1-B1BE32552FE3}
	EndGlobalSection
EndGlobal
